
Microsoft Visual Studio Solution File, Format Version 12.00
# Visual Studio Version 17
VisualStudioVersion = 17.7.34018.315
MinimumVisualStudioVersion = 10.0.40219.1
Project("{FAE04EC0-301F-11D3-BF4B-00C04F79EFBC}") = "ConsoleApp2", "ConsoleApp2\ConsoleApp2.csproj", "{4C5A6414-003A-4C57-896A-C5390ED0351F}"
EndProject
Global
	GlobalSection(SolutionConfigurationPlatforms) = preSolution
		Debug|Any CPU = Debug|Any CPU
		Release|Any CPU = Release|Any CPU
	EndGlobalSection
	GlobalSection(ProjectConfigurationPlatforms) = postSolution
		{4C5A6414-003A-4C57-896A-C5390ED0351F}.Debug|Any CPU.ActiveCfg = Debug|Any CPU
		{4C5A6414-003A-4C57-896A-C5390ED0351F}.Debug|Any CPU.Build.0 = Debug|Any CPU
		{4C5A6414-003A-4C57-896A-C5390ED0351F}.Release|Any CPU.ActiveCfg = Release|Any CPU
		{4C5A6414-003A-4C57-896A-C5390ED0351F}.Release|Any CPU.Build.0 = Release|Any CPU
	EndGlobalSection
	GlobalSection(SolutionProperties) = preSolution
		HideSolutionNode = FALSE
	EndGlobalSection
	GlobalSection(ExtensibilityGlobals) = postSolution
		SolutionGuid = {783316D7-92AE-40E1-8564-EB92EB41753D}
	EndGlobalSection
EndGlobal
